
Microsoft Visual Studio Solution File, Format Version 12.00
# Visual Studio Version 16
VisualStudioVersion = 16.0.31129.286
MinimumVisualStudioVersion = 10.0.40219.1
Project("{FAE04EC0-301F-11D3-BF4B-00C04F79EFBC}") = "Messenger-Analyzer", "Messenger-Analyzer\Messenger-Analyzer.csproj", "{08E48369-7F6E-4529-8951-2B71EC399BDA}"
EndProject
Global
	GlobalSection(SolutionConfigurationPlatforms) = preSolution
		Debug|Any CPU = Debug|Any CPU
		Release|Any CPU = Release|Any CPU
	EndGlobalSection
	GlobalSection(ProjectConfigurationPlatforms) = postSolution
		{08E48369-7F6E-4529-8951-2B71EC399BDA}.Debug|Any CPU.ActiveCfg = Debug|Any CPU
		{08E48369-7F6E-4529-8951-2B71EC399BDA}.Debug|Any CPU.Build.0 = Debug|Any CPU
		{08E48369-7F6E-4529-8951-2B71EC399BDA}.Release|Any CPU.ActiveCfg = Release|Any CPU
		{08E48369-7F6E-4529-8951-2B71EC399BDA}.Release|Any CPU.Build.0 = Release|Any CPU
	EndGlobalSection
	GlobalSection(SolutionProperties) = preSolution
		HideSolutionNode = FALSE
	EndGlobalSection
	GlobalSection(ExtensibilityGlobals) = postSolution
		SolutionGuid = {84BC4D0F-009E-47A0-B5DB-F5BF1E99CE42}
	EndGlobalSection
EndGlobal
